
Microsoft Visual Studio Solution File, Format Version 12.00
# Visual Studio Version 16
VisualStudioVersion = 16.0.31313.79
MinimumVisualStudioVersion = 10.0.40219.1
Project("{FAE04EC0-301F-11D3-BF4B-00C04F79EFBC}") = "Laba3", "Laba3\Laba3.csproj", "{5988912B-FBAA-469F-8EC9-62C6E30CF882}"
EndProject
Global
	GlobalSection(SolutionConfigurationPlatforms) = preSolution
		Debug|Any CPU = Debug|Any CPU
		Release|Any CPU = Release|Any CPU
	EndGlobalSection
	GlobalSection(ProjectConfigurationPlatforms) = postSolution
		{5988912B-FBAA-469F-8EC9-62C6E30CF882}.Debug|Any CPU.ActiveCfg = Debug|Any CPU
		{5988912B-FBAA-469F-8EC9-62C6E30CF882}.Debug|Any CPU.Build.0 = Debug|Any CPU
		{5988912B-FBAA-469F-8EC9-62C6E30CF882}.Release|Any CPU.ActiveCfg = Release|Any CPU
		{5988912B-FBAA-469F-8EC9-62C6E30CF882}.Release|Any CPU.Build.0 = Release|Any CPU
	EndGlobalSection
	GlobalSection(SolutionProperties) = preSolution
		HideSolutionNode = FALSE
	EndGlobalSection
	GlobalSection(ExtensibilityGlobals) = postSolution
		SolutionGuid = {0E8B3C85-D5B8-46FC-8BEA-5C1D934CA998}
	EndGlobalSection
EndGlobal
